{
  "version": 2,
  "dependencies": {
    "net10.0": {
      "Humanizer.Core": {
        "type": "Transitive",
        "resolved": "2.14.1",
        "contentHash": "lQKvtaTDOXnoVJ20ibTuSIOf2i0uO0MPbDhd1jm238I+U/2ZnRENj0cktKZhtchBMtCUSRQ5v4xBCUbKNmyVMw=="
      },
      "Microsoft.CodeAnalysis.Common": {
        "type": "Transitive",
        "resolved": "4.13.0",
        "contentHash": "T8nRl4mAUY4mhdYM4U2ra2vP2EL+ol8Yqwo0gwC/V55vmlXq9NxdIkZJynTpTL1uX/jHijJ90AeOEx4lf7OwzQ==",
        "dependencies": {
          "Microsoft.CodeAnalysis.Analyzers": "3.11.0"
        }
      },
      "Microsoft.CodeAnalysis.Workspaces.Common": {
        "type": "Transitive",
        "resolved": "4.13.0",
        "contentHash": "7kME/hT+I8zlOWIWcX1jWLDKwLNU21u1JGzDV47KxeaYIn5LCacMD2n1LzR4+PwzGzAedy+YjRwcy+NcO9zY+g==",
        "dependencies": {
          "Humanizer.Core": "2.14.1",
          "Microsoft.CodeAnalysis.Analyzers": "3.11.0",
          "Microsoft.CodeAnalysis.Common": "[4.13.0]",
          "System.Composition": "8.0.0"
        }
      },
      "System.Composition": {
        "type": "Transitive",
        "resolved": "8.0.0",
        "contentHash": "E9oO9olNNxA39J8CxQwf7ceIPm+j/B/PhYpyK9M4LhN/OLLRw6u5fNInkhVqaWueMB9iXxYqnwqwgz+W91loIA==",
        "dependencies": {
          "System.Composition.AttributedModel": "8.0.0",
          "System.Composition.Convention": "8.0.0",
          "System.Composition.Hosting": "8.0.0",
          "System.Composition.Runtime": "8.0.0",
          "System.Composition.TypedParts": "8.0.0"
        }
      },
      "System.Composition.AttributedModel": {
        "type": "Transitive",
        "resolved": "8.0.0",
        "contentHash": "NyElSuvmBMYdn2iPG0n29i7Igu0bq99izOP3MAtEwskY3OP9jqsavvVmPn9lesVaj/KT/o/QkNjA43dOJTsDQw=="
      },
      "System.Composition.Convention": {
        "type": "Transitive",
        "resolved": "8.0.0",
        "contentHash": "UuVkc1B3vQU/LzEbWLMZ1aYVssv4rpShzf8wPEyrUqoGNqdYKREmB8bXR73heOMKkwS6ZnPz3PjGODT2MenukQ==",
        "dependencies": {
          "System.Composition.AttributedModel": "8.0.0"
        }
      },
      "System.Composition.Hosting": {
        "type": "Transitive",
        "resolved": "8.0.0",
        "contentHash": "qwbONqoxlazxcbiohvb3t1JWZgKIKcRdXS5uEeLbo5wtuBupIbAvdC3PYTAeBCZrZeERvrtAbhYHuuS43Zr1bQ==",
        "dependencies": {
          "System.Composition.Runtime": "8.0.0"
        }
      },
      "System.Composition.Runtime": {
        "type": "Transitive",
        "resolved": "8.0.0",
        "contentHash": "G+kRyB5/6+3ucRRQz+DF4uSHGqpkK8Q4ilVdbt4zvxpmvLVZNmSkyFAQpJLcbOyVF85aomJx0m+TGMDVlwx7ZQ=="
      },
      "System.Composition.TypedParts": {
        "type": "Transitive",
        "resolved": "8.0.0",
        "contentHash": "DsSklhuA+Dsgo3ZZrar8hjBFvq1wa1grrkNCTt+6SoX3vq0Vy+HXJnVXrU/nNH1BjlGH684A7h4hJQHZd/u5mA==",
        "dependencies": {
          "System.Composition.AttributedModel": "8.0.0",
          "System.Composition.Hosting": "8.0.0",
          "System.Composition.Runtime": "8.0.0"
        }
      },
      "glsh.abstractions": {
        "type": "Project"
      },
      "glsh.compiler": {
        "type": "Project",
        "dependencies": {
          "GLSH.Abstractions": "[1.0.0, )",
          "KibiHex.Maths": "[1.0.0, )",
          "Microsoft.CodeAnalysis.Analyzers": "[3.11.0, )",
          "Microsoft.CodeAnalysis.CSharp": "[4.13.0, )",
          "Microsoft.CodeAnalysis.CSharp.Workspaces": "[4.13.0, )"
        }
      },
      "kibihex.maths": {
        "type": "Project"
      },
      "Microsoft.CodeAnalysis.Analyzers": {
        "type": "CentralTransitive",
        "requested": "[3.11.0, )",
        "resolved": "3.11.0",
        "contentHash": "v/EW3UE8/lbEYHoC2Qq7AR/DnmvpgdtAMndfQNmpuIMx/Mto8L5JnuCfdBYtgvalQOtfNCnxFejxuRrryvUTsg=="
      },
      "Microsoft.CodeAnalysis.CSharp": {
        "type": "CentralTransitive",
        "requested": "[4.13.0, )",
        "resolved": "4.13.0",
        "contentHash": "BsH7Vijbj9IL7Fj4k/ysZSVyLGFqr75wmdFGwCKWJvSjnA1xwPaQ3hkB2BQdHOt5CpEYA6Q0I6Oo5sDTDHqHsg==",
        "dependencies": {
          "Microsoft.CodeAnalysis.Analyzers": "3.11.0",
          "Microsoft.CodeAnalysis.Common": "[4.13.0]"
        }
      },
      "Microsoft.CodeAnalysis.CSharp.Workspaces": {
        "type": "CentralTransitive",
        "requested": "[4.13.0, )",
        "resolved": "4.13.0",
        "contentHash": "jglyNfcWHMhtqTmsiTcvOjnd/ibgjMhkKPaHpVrtnuftqAu7Dt8W5nciEZoDjbxSCdG39WOnPmESamqaCgUN1w==",
        "dependencies": {
          "Humanizer.Core": "2.14.1",
          "Microsoft.CodeAnalysis.Analyzers": "3.11.0",
          "Microsoft.CodeAnalysis.CSharp": "[4.13.0]",
          "Microsoft.CodeAnalysis.Common": "[4.13.0]",
          "Microsoft.CodeAnalysis.Workspaces.Common": "[4.13.0]",
          "System.Composition": "8.0.0"
        }
      }
    }
  }
}