<Solution>
  <Configurations>
    <Platform Name="Any CPU" />
    <Platform Name="x64" />
    <Platform Name="x86" />
  </Configurations>
  <Folder Name="/tests/">
    <Project Path="tests/DeltaShader.FullscreenFixture/DeltaShader.FullscreenFixture.csproj" />
    <Project Path="tests/DeltaShader.TestShaders/DeltaShader.TestShaders.csproj" />
  </Folder>
  <Project Path="../DeltaMaths/DeltaMaths.csproj" />
  <Project Path="src/DeltaShader/DeltaShader.csproj" />
  <Project Path="src/DeltaShader.Analyzers/DeltaShader.Analyzers.csproj" />
  <Project Path="src/DeltaShader.Backend.Glsl/DeltaShader.Backend.Glsl.csproj" />
  <Project Path="src/DeltaShader.Compiler/DeltaShader.Compiler.csproj" />
  <Project Path="src/DeltaShader.Contract/DeltaShader.Contract.csproj" />
  <Project Path="src/DeltaShader.Tool/DeltaShader.Tool.csproj" />
  <Project Path="src/DeltaShader.Text/DeltaShader.Text.csproj" />
  <Project Path="src/DeltaShader.ShadertoyGallery/DeltaShader.ShadertoyGallery.csproj" />
  <Project Path="tests/DeltaShader.Compiler.ReferenceFixtures/DeltaShader.Compiler.ReferenceFixtures.csproj" />
  <Project Path="tests/DeltaShader.Compiler.Tests/DeltaShader.Compiler.Tests.csproj" />
  <Project Path="tests/DeltaShader.Golden.Tests/DeltaShader.Golden.Tests.csproj" />
  <Project Path="tests/DeltaShader.Vulkan.Tests/DeltaShader.Vulkan.Tests.csproj" />
</Solution>
