Microsoft Visual Studio Solution File, Format Version 12.00
# Visual Studio Version 17
VisualStudioVersion = 17.0.31903.59
MinimumVisualStudioVersion = 10.0.40219.1
Project("{9A19103F-16F7-4668-BE54-9A1E7A4F7556}") = "GLSH.Abstractions", "src/GLSH.Abstractions/GLSH.Abstractions.csproj", "{12F13ABE-B17F-4234-93B1-25EEE20DF77E}"
EndProject
Project("{9A19103F-16F7-4668-BE54-9A1E7A4F7556}") = "GLSH.Compiler", "src/GLSH.Compiler/GLSH.Compiler.csproj", "{D4962504-B8F7-4669-9FDB-6E7EE719FAEF}"
EndProject
Project("{9A19103F-16F7-4668-BE54-9A1E7A4F7556}") = "GLSH.Backend.Glsl", "src/GLSH.Backend.Glsl/GLSH.Backend.Glsl.csproj", "{C076DE06-6FD9-4C42-BE59-E343F611B043}"
EndProject
Project("{9A19103F-16F7-4668-BE54-9A1E7A4F7556}") = "GLSH.Tool", "src/GLSH.Tool/GLSH.Tool.csproj", "{F5BA3C56-471A-4F27-A1B7-5106C39E220C}"
EndProject
Project("{9A19103F-16F7-4668-BE54-9A1E7A4F7556}") = "GLSH.Analyzers", "src/GLSH.Analyzers/GLSH.Analyzers.csproj", "{F528B0D5-1156-477E-8792-31F1755A1D3F}"
EndProject
Project("{9A19103F-16F7-4668-BE54-9A1E7A4F7556}") = "GLSH.Compiler.Tests", "tests/GLSH.Compiler.Tests/GLSH.Compiler.Tests.csproj", "{9763B01C-1BD7-4AD8-9BF9-D825510BCF0B}"
EndProject
Project("{9A19103F-16F7-4668-BE54-9A1E7A4F7556}") = "GLSH.Golden.Tests", "tests/GLSH.Golden.Tests/GLSH.Golden.Tests.csproj", "{CB346C69-99E3-4C96-96C4-96945F4E6C5E}"
EndProject
Project("{9A19103F-16F7-4668-BE54-9A1E7A4F7556}") = "GLSH.Vulkan.Tests", "tests/GLSH.Vulkan.Tests/GLSH.Vulkan.Tests.csproj", "{4D443736-3B01-45BF-AA11-31864257172E}"
EndProject
Project("{9A19103F-16F7-4668-BE54-9A1E7A4F7556}") = "GLSH.Compiler.ReferenceFixtures", "tests/GLSH.Compiler.ReferenceFixtures/GLSH.Compiler.ReferenceFixtures.csproj", "{F7403578-9BA2-4770-8BB9-B1D2106C4C67}"
EndProject
Global
	GlobalSection(SolutionConfigurationPlatforms) = preSolution
		Debug|Any CPU = Debug|Any CPU
		Release|Any CPU = Release|Any CPU
	EndGlobalSection
	GlobalSection(ProjectConfigurationPlatforms) = postSolution
		{12F13ABE-B17F-4234-93B1-25EEE20DF77E}.Debug|Any CPU.ActiveCfg = Debug|Any CPU
		{12F13ABE-B17F-4234-93B1-25EEE20DF77E}.Debug|Any CPU.Build.0 = Debug|Any CPU
		{12F13ABE-B17F-4234-93B1-25EEE20DF77E}.Release|Any CPU.ActiveCfg = Release|Any CPU
		{12F13ABE-B17F-4234-93B1-25EEE20DF77E}.Release|Any CPU.Build.0 = Release|Any CPU
		{D4962504-B8F7-4669-9FDB-6E7EE719FAEF}.Debug|Any CPU.ActiveCfg = Debug|Any CPU
		{D4962504-B8F7-4669-9FDB-6E7EE719FAEF}.Debug|Any CPU.Build.0 = Debug|Any CPU
		{D4962504-B8F7-4669-9FDB-6E7EE719FAEF}.Release|Any CPU.ActiveCfg = Release|Any CPU
		{D4962504-B8F7-4669-9FDB-6E7EE719FAEF}.Release|Any CPU.Build.0 = Release|Any CPU
		{C076DE06-6FD9-4C42-BE59-E343F611B043}.Debug|Any CPU.ActiveCfg = Debug|Any CPU
		{C076DE06-6FD9-4C42-BE59-E343F611B043}.Debug|Any CPU.Build.0 = Debug|Any CPU
		{C076DE06-6FD9-4C42-BE59-E343F611B043}.Release|Any CPU.ActiveCfg = Release|Any CPU
		{C076DE06-6FD9-4C42-BE59-E343F611B043}.Release|Any CPU.Build.0 = Release|Any CPU
		{F5BA3C56-471A-4F27-A1B7-5106C39E220C}.Debug|Any CPU.ActiveCfg = Debug|Any CPU
		{F5BA3C56-471A-4F27-A1B7-5106C39E220C}.Debug|Any CPU.Build.0 = Debug|Any CPU
		{F5BA3C56-471A-4F27-A1B7-5106C39E220C}.Release|Any CPU.ActiveCfg = Release|Any CPU
		{F5BA3C56-471A-4F27-A1B7-5106C39E220C}.Release|Any CPU.Build.0 = Release|Any CPU
		{F528B0D5-1156-477E-8792-31F1755A1D3F}.Debug|Any CPU.ActiveCfg = Debug|Any CPU
		{F528B0D5-1156-477E-8792-31F1755A1D3F}.Debug|Any CPU.Build.0 = Debug|AnyCPU
		{F528B0D5-1156-477E-8792-31F1755A1D3F}.Release|Any CPU.ActiveCfg = Release|Any CPU
		{F528B0D5-1156-477E-8792-31F1755A1D3F}.Release|Any CPU.Build.0 = Release|Any CPU
		{9763B01C-1BD7-4AD8-9BF9-D825510BCF0B}.Debug|Any CPU.ActiveCfg = Debug|Any CPU
		{9763B01C-1BD7-4AD8-9BF9-D825510BCF0B}.Debug|Any CPU.Build.0 = Debug|Any CPU
		{9763B01C-1BD7-4AD8-9BF9-D825510BCF0B}.Release|Any CPU.ActiveCfg = Release|Any CPU
		{9763B01C-1BD7-4AD8-9BF9-D825510BCF0B}.Release|Any CPU.Build.0 = Release|Any CPU
		{CB346C69-99E3-4C96-96C4-96945F4E6C5E}.Debug|Any CPU.ActiveCfg = Debug|Any CPU
		{CB346C69-99E3-4C96-96C4-96945F4E6C5E}.Debug|Any CPU.Build.0 = Debug|Any CPU
		{CB346C69-99E3-4C96-96C4-96945F4E6C5E}.Release|Any CPU.ActiveCfg = Release|Any CPU
		{CB346C69-99E3-4C96-96C4-96945F4E6C5E}.Release|Any CPU.Build.0 = Release|Any CPU
		{4D443736-3B01-45BF-AA11-31864257172E}.Debug|Any CPU.ActiveCfg = Debug|Any CPU
		{4D443736-3B01-45BF-AA11-31864257172E}.Debug|Any CPU.Build.0 = Debug|Any CPU
		{4D443736-3B01-45BF-AA11-31864257172E}.Release|Any CPU.ActiveCfg = Release|Any CPU
		{4D443736-3B01-45BF-AA11-31864257172E}.Release|Any CPU.Build.0 = Release|Any CPU
		{F7403578-9BA2-4770-8BB9-B1D2106C4C67}.Debug|Any CPU.ActiveCfg = Debug|Any CPU
		{F7403578-9BA2-4770-8BB9-B1D2106C4C67}.Debug|Any CPU.Build.0 = Debug|Any CPU
		{F7403578-9BA2-4770-8BB9-B1D2106C4C67}.Release|Any CPU.ActiveCfg = Release|Any CPU
		{F7403578-9BA2-4770-8BB9-B1D2106C4C67}.Release|Any CPU.Build.0 = Release|Any CPU
	EndGlobalSection
	GlobalSection(SolutionProperties) = preSolution
		HideSolutionNode = FALSE
	EndGlobalSection
EndGlobal
